// !$*UTF8*$!
{
	archiveVersion = 1;
	classes = {
	};
	objectVersion = 48;
	objects = {

/* Begin PBXBuildFile section */
		0B08BB161FA1A706008BFFCF /* TodayViewController.swift in Sources */ = {isa = PBXBuildFile; fileRef = 0B08BB151FA1A706008BFFCF /* TodayViewController.swift */; };
		0B08BB181FA1A719008BFFCF /* UpdateViewController.swift in Sources */ = {isa = PBXBuildFile; fileRef = 0B08BB171FA1A719008BFFCF /* UpdateViewController.swift */; };
		0B4B6B461FAB42540024D699 /* TodayDetailViewController.swift in Sources */ = {isa = PBXBuildFile; fileRef = 0B4B6B451FAB42540024D699 /* TodayDetailViewController.swift */; };
		0B6EF96A1EF93173005B0769 /* LaunchScreen.storyboard in Resources */ = {isa = PBXBuildFile; fileRef = 0B6EF9681EF93173005B0769 /* LaunchScreen.storyboard */; };
		0B6EF9911EF93318005B0769 /* Assets.xcassets in Resources */ = {isa = PBXBuildFile; fileRef = 0B6EF9901EF93318005B0769 /* Assets.xcassets */; };
		0BC73E201FA1A11900A6358F /* AppDetailViewController.swift in Sources */ = {isa = PBXBuildFile; fileRef = 0BC73E161FA1A11600A6358F /* AppDetailViewController.swift */; };
		0BC73E211FA1A11900A6358F /* GamesViewController.swift in Sources */ = {isa = PBXBuildFile; fileRef = 0BC73E171FA1A11600A6358F /* GamesViewController.swift */; };
		0BC73E221FA1A11900A6358F /* AppsViewController.swift in Sources */ = {isa = PBXBuildFile; fileRef = 0BC73E181FA1A11600A6358F /* AppsViewController.swift */; };
		0BC73E231FA1A11900A6358F /* SearchViewController.swift in Sources */ = {isa = PBXBuildFile; fileRef = 0BC73E191FA1A11600A6358F /* SearchViewController.swift */; };
		0BC73E241FA1A11900A6358F /* BaseNavController.swift in Sources */ = {isa = PBXBuildFile; fileRef = 0BC73E1A1FA1A11700A6358F /* BaseNavController.swift */; };
		0BC73E251FA1A11900A6358F /* ViewController.swift in Sources */ = {isa = PBXBuildFile; fileRef = 0BC73E1B1FA1A11700A6358F /* ViewController.swift */; };
		0BC73E261FA1A11900A6358F /* GamesHorizontalSectionController.swift in Sources */ = {isa = PBXBuildFile; fileRef = 0BC73E1C1FA1A11800A6358F /* GamesHorizontalSectionController.swift */; };
		0BC73E271FA1A11900A6358F /* AppDelegate.swift in Sources */ = {isa = PBXBuildFile; fileRef = 0BC73E1D1FA1A11800A6358F /* AppDelegate.swift */; };
		0BC73E281FA1A11900A6358F /* SearchDetailViewController.swift in Sources */ = {isa = PBXBuildFile; fileRef = 0BC73E1E1FA1A11800A6358F /* SearchDetailViewController.swift */; };
		0BC73E291FA1A11900A6358F /* TabViewController.swift in Sources */ = {isa = PBXBuildFile; fileRef = 0BC73E1F1FA1A11900A6358F /* TabViewController.swift */; };
		AC8A0F83AF2E6F03968BFDFD /* Pods_IOS11AppStoreClone.framework in Frameworks */ = {isa = PBXBuildFile; fileRef = 09BC40DCB20B4CC7C37E7D33 /* Pods_IOS11AppStoreClone.framework */; };
/* End PBXBuildFile section */

/* Begin PBXFileReference section */
		09BC40DCB20B4CC7C37E7D33 /* Pods_IOS11AppStoreClone.framework */ = {isa = PBXFileReference; explicitFileType = wrapper.framework; includeInIndex = 0; path = Pods_IOS11AppStoreClone.framework; sourceTree = BUILT_PRODUCTS_DIR; };
		0B08BB151FA1A706008BFFCF /* TodayViewController.swift */ = {isa = PBXFileReference; lastKnownFileType = sourcecode.swift; path = TodayViewController.swift; sourceTree = "<group>"; };
		0B08BB171FA1A719008BFFCF /* UpdateViewController.swift */ = {isa = PBXFileReference; lastKnownFileType = sourcecode.swift; path = UpdateViewController.swift; sourceTree = "<group>"; };
		0B4B6B451FAB42540024D699 /* TodayDetailViewController.swift */ = {isa = PBXFileReference; lastKnownFileType = sourcecode.swift; path = TodayDetailViewController.swift; sourceTree = "<group>"; };
		0B6EF95C1EF93173005B0769 /* IOS11AppStoreClone.app */ = {isa = PBXFileReference; explicitFileType = wrapper.application; includeInIndex = 0; path = IOS11AppStoreClone.app; sourceTree = BUILT_PRODUCTS_DIR; };
		0B6EF9691EF93173005B0769 /* Base */ = {isa = PBXFileReference; lastKnownFileType = file.storyboard; name = Base; path = Base.lproj/LaunchScreen.storyboard; sourceTree = "<group>"; };
		0B6EF96B1EF93173005B0769 /* Info.plist */ = {isa = PBXFileReference; lastKnownFileType = text.plist.xml; path = Info.plist; sourceTree = "<group>"; };
		0B6EF97B1EF932E6005B0769 /* IOS11AppStoreClone-Bridging-Header.h */ = {isa = PBXFileReference; lastKnownFileType = sourcecode.c.h; path = "IOS11AppStoreClone-Bridging-Header.h"; sourceTree = "<group>"; };
		0B6EF9901EF93318005B0769 /* Assets.xcassets */ = {isa = PBXFileReference; lastKnownFileType = folder.assetcatalog; path = Assets.xcassets; sourceTree = "<group>"; };
		0BC73E161FA1A11600A6358F /* AppDetailViewController.swift */ = {isa = PBXFileReference; fileEncoding = 4; lastKnownFileType = sourcecode.swift; path = AppDetailViewController.swift; sourceTree = "<group>"; };
		0BC73E171FA1A11600A6358F /* GamesViewController.swift */ = {isa = PBXFileReference; fileEncoding = 4; lastKnownFileType = sourcecode.swift; path = GamesViewController.swift; sourceTree = "<group>"; };
		0BC73E181FA1A11600A6358F /* AppsViewController.swift */ = {isa = PBXFileReference; fileEncoding = 4; lastKnownFileType = sourcecode.swift; path = AppsViewController.swift; sourceTree = "<group>"; };
		0BC73E191FA1A11600A6358F /* SearchViewController.swift */ = {isa = PBXFileReference; fileEncoding = 4; lastKnownFileType = sourcecode.swift; path = SearchViewController.swift; sourceTree = "<group>"; };
		0BC73E1A1FA1A11700A6358F /* BaseNavController.swift */ = {isa = PBXFileReference; fileEncoding = 4; lastKnownFileType = sourcecode.swift; path = BaseNavController.swift; sourceTree = "<group>"; };
		0BC73E1B1FA1A11700A6358F /* ViewController.swift */ = {isa = PBXFileReference; fileEncoding = 4; lastKnownFileType = sourcecode.swift; path = ViewController.swift; sourceTree = "<group>"; };
		0BC73E1C1FA1A11800A6358F /* GamesHorizontalSectionController.swift */ = {isa = PBXFileReference; fileEncoding = 4; lastKnownFileType = sourcecode.swift; path = GamesHorizontalSectionController.swift; sourceTree = "<group>"; };
		0BC73E1D1FA1A11800A6358F /* AppDelegate.swift */ = {isa = PBXFileReference; fileEncoding = 4; lastKnownFileType = sourcecode.swift; path = AppDelegate.swift; sourceTree = "<group>"; };
		0BC73E1E1FA1A11800A6358F /* SearchDetailViewController.swift */ = {isa = PBXFileReference; fileEncoding = 4; lastKnownFileType = sourcecode.swift; path = SearchDetailViewController.swift; sourceTree = "<group>"; };
		0BC73E1F1FA1A11900A6358F /* TabViewController.swift */ = {isa = PBXFileReference; fileEncoding = 4; lastKnownFileType = sourcecode.swift; path = TabViewController.swift; sourceTree = "<group>"; };
		94BADB81A6C1BD69DE769233 /* Pods-IOS11AppStoreClone.release.xcconfig */ = {isa = PBXFileReference; includeInIndex = 1; lastKnownFileType = text.xcconfig; name = "Pods-IOS11AppStoreClone.release.xcconfig"; path = "Pods/Target Support Files/Pods-IOS11AppStoreClone/Pods-IOS11AppStoreClone.release.xcconfig"; sourceTree = "<group>"; };
		D1A9C64B16E6B26480031C7F /* Pods-IOS11AppStoreClone.debug.xcconfig */ = {isa = PBXFileReference; includeInIndex = 1; lastKnownFileType = text.xcconfig; name = "Pods-IOS11AppStoreClone.debug.xcconfig"; path = "Pods/Target Support Files/Pods-IOS11AppStoreClone/Pods-IOS11AppStoreClone.debug.xcconfig"; sourceTree = "<group>"; };
/* End PBXFileReference section */

/* Begin PBXFrameworksBuildPhase section */
		0B6EF9591EF93173005B0769 /* Frameworks */ = {
			isa = PBXFrameworksBuildPhase;
			buildActionMask = 2147483647;
			files = (
				AC8A0F83AF2E6F03968BFDFD /* Pods_IOS11AppStoreClone.framework in Frameworks */,
			);
			runOnlyForDeploymentPostprocessing = 0;
		};
/* End PBXFrameworksBuildPhase section */

/* Begin PBXGroup section */
		0B6EF9531EF93173005B0769 = {
			isa = PBXGroup;
			children = (
				0B6EF95E1EF93173005B0769 /* IOS11AppStoreClone */,
				0B6EF95D1EF93173005B0769 /* Products */,
				38A66B9D816A3E0F41D728A0 /* Pods */,
				A178444AB018FA48C7CB8666 /* Frameworks */,
			);
			sourceTree = "<group>";
		};
		0B6EF95D1EF93173005B0769 /* Products */ = {
			isa = PBXGroup;
			children = (
				0B6EF95C1EF93173005B0769 /* IOS11AppStoreClone.app */,
			);
			name = Products;
			sourceTree = "<group>";
		};
		0B6EF95E1EF93173005B0769 /* IOS11AppStoreClone */ = {
			isa = PBXGroup;
			children = (
				0B6EF9901EF93318005B0769 /* Assets.xcassets */,
				0BC73E181FA1A11600A6358F /* AppsViewController.swift */,
				0BC73E1A1FA1A11700A6358F /* BaseNavController.swift */,
				0BC73E1C1FA1A11800A6358F /* GamesHorizontalSectionController.swift */,
				0BC73E1D1FA1A11800A6358F /* AppDelegate.swift */,
				0BC73E1E1FA1A11800A6358F /* SearchDetailViewController.swift */,
				0BC73E1F1FA1A11900A6358F /* TabViewController.swift */,
				0BC73E161FA1A11600A6358F /* AppDetailViewController.swift */,
				0BC73E171FA1A11600A6358F /* GamesViewController.swift */,
				0BC73E191FA1A11600A6358F /* SearchViewController.swift */,
				0BC73E1B1FA1A11700A6358F /* ViewController.swift */,
				0B6EF9681EF93173005B0769 /* LaunchScreen.storyboard */,
				0B6EF96B1EF93173005B0769 /* Info.plist */,
				0B6EF97B1EF932E6005B0769 /* IOS11AppStoreClone-Bridging-Header.h */,
				0B08BB151FA1A706008BFFCF /* TodayViewController.swift */,
				0B08BB171FA1A719008BFFCF /* UpdateViewController.swift */,
				0B4B6B451FAB42540024D699 /* TodayDetailViewController.swift */,
			);
			path = IOS11AppStoreClone;
			sourceTree = "<group>";
		};
		38A66B9D816A3E0F41D728A0 /* Pods */ = {
			isa = PBXGroup;
			children = (
				D1A9C64B16E6B26480031C7F /* Pods-IOS11AppStoreClone.debug.xcconfig */,
				94BADB81A6C1BD69DE769233 /* Pods-IOS11AppStoreClone.release.xcconfig */,
			);
			name = Pods;
			sourceTree = "<group>";
		};
		A178444AB018FA48C7CB8666 /* Frameworks */ = {
			isa = PBXGroup;
			children = (
				09BC40DCB20B4CC7C37E7D33 /* Pods_IOS11AppStoreClone.framework */,
			);
			name = Frameworks;
			sourceTree = "<group>";
		};
/* End PBXGroup section */

/* Begin PBXNativeTarget section */
		0B6EF95B1EF93173005B0769 /* IOS11AppStoreClone */ = {
			isa = PBXNativeTarget;
			buildConfigurationList = 0B6EF96E1EF93173005B0769 /* Build configuration list for PBXNativeTarget "IOS11AppStoreClone" */;
			buildPhases = (
				F36D2D1B77B6BE49E6D0B88E /* [CP] Check Pods Manifest.lock */,
				0B6EF9581EF93173005B0769 /* Sources */,
				0B6EF9591EF93173005B0769 /* Frameworks */,
				0B6EF95A1EF93173005B0769 /* Resources */,
				44A92F4E73FEE39FE6C52A93 /* [CP] Embed Pods Frameworks */,
				BD8DA142D81DA4F284D3E9C7 /* [CP] Copy Pods Resources */,
			);
			buildRules = (
			);
			dependencies = (
			);
			name = IOS11AppStoreClone;
			productName = IOS11AppStoreClone;
			productReference = 0B6EF95C1EF93173005B0769 /* IOS11AppStoreClone.app */;
			productType = "com.apple.product-type.application";
		};
/* End PBXNativeTarget section */

/* Begin PBXProject section */
		0B6EF9541EF93173005B0769 /* Project object */ = {
			isa = PBXProject;
			attributes = {
				LastSwiftUpdateCheck = 0900;
				LastUpgradeCheck = 0900;
				ORGANIZATIONNAME = "Ajay Singh";
				TargetAttributes = {
					0B6EF95B1EF93173005B0769 = {
						CreatedOnToolsVersion = 9.0;
						LastSwiftMigration = 0900;
					};
				};
			};
			buildConfigurationList = 0B6EF9571EF93173005B0769 /* Build configuration list for PBXProject "IOS11AppStoreClone" */;
			compatibilityVersion = "Xcode 8.0";
			developmentRegion = en;
			hasScannedForEncodings = 0;
			knownRegions = (
				en,
				Base,
			);
			mainGroup = 0B6EF9531EF93173005B0769;
			productRefGroup = 0B6EF95D1EF93173005B0769 /* Products */;
			projectDirPath = "";
			projectRoot = "";
			targets = (
				0B6EF95B1EF93173005B0769 /* IOS11AppStoreClone */,
			);
		};
/* End PBXProject section */

/* Begin PBXResourcesBuildPhase section */
		0B6EF95A1EF93173005B0769 /* Resources */ = {
			isa = PBXResourcesBuildPhase;
			buildActionMask = 2147483647;
			files = (
				0B6EF9911EF93318005B0769 /* Assets.xcassets in Resources */,
				0B6EF96A1EF93173005B0769 /* LaunchScreen.storyboard in Resources */,
			);
			runOnlyForDeploymentPostprocessing = 0;
		};
/* End PBXResourcesBuildPhase section */

/* Begin PBXShellScriptBuildPhase section */
		44A92F4E73FEE39FE6C52A93 /* [CP] Embed Pods Frameworks */ = {
			isa = PBXShellScriptBuildPhase;
			buildActionMask = 2147483647;
			files = (
			);
			inputPaths = (
				"${SRCROOT}/Pods/Target Support Files/Pods-IOS11AppStoreClone/Pods-IOS11AppStoreClone-frameworks.sh",
				"${BUILT_PRODUCTS_DIR}/IGListKit/IGListKit.framework",
				"${BUILT_PRODUCTS_DIR}/SnapKit/SnapKit.framework",
			);
			name = "[CP] Embed Pods Frameworks";
			outputPaths = (
				"${TARGET_BUILD_DIR}/${FRAMEWORKS_FOLDER_PATH}/IGListKit.framework",
				"${TARGET_BUILD_DIR}/${FRAMEWORKS_FOLDER_PATH}/SnapKit.framework",
			);
			runOnlyForDeploymentPostprocessing = 0;
			shellPath = /bin/sh;
			shellScript = "\"${SRCROOT}/Pods/Target Support Files/Pods-IOS11AppStoreClone/Pods-IOS11AppStoreClone-frameworks.sh\"\n";
			showEnvVarsInLog = 0;
		};
		BD8DA142D81DA4F284D3E9C7 /* [CP] Copy Pods Resources */ = {
			isa = PBXShellScriptBuildPhase;
			buildActionMask = 2147483647;
			files = (
			);
			inputPaths = (
			);
			name = "[CP] Copy Pods Resources";
			outputPaths = (
			);
			runOnlyForDeploymentPostprocessing = 0;
			shellPath = /bin/sh;
			shellScript = "\"${SRCROOT}/Pods/Target Support Files/Pods-IOS11AppStoreClone/Pods-IOS11AppStoreClone-resources.sh\"\n";
			showEnvVarsInLog = 0;
		};
		F36D2D1B77B6BE49E6D0B88E /* [CP] Check Pods Manifest.lock */ = {
			isa = PBXShellScriptBuildPhase;
			buildActionMask = 2147483647;
			files = (
			);
			inputPaths = (
				"${PODS_PODFILE_DIR_PATH}/Podfile.lock",
				"${PODS_ROOT}/Manifest.lock",
			);
			name = "[CP] Check Pods Manifest.lock";
			outputPaths = (
				"$(DERIVED_FILE_DIR)/Pods-IOS11AppStoreClone-checkManifestLockResult.txt",
			);
			runOnlyForDeploymentPostprocessing = 0;
			shellPath = /bin/sh;
			shellScript = "diff \"${PODS_PODFILE_DIR_PATH}/Podfile.lock\" \"${PODS_ROOT}/Manifest.lock\" > /dev/null\nif [ $? != 0 ] ; then\n    # print error to STDERR\n    echo \"error: The sandbox is not in sync with the Podfile.lock. Run 'pod install' or update your CocoaPods installation.\" >&2\n    exit 1\nfi\n# This output is used by Xcode 'outputs' to avoid re-running this script phase.\necho \"SUCCESS\" > \"${SCRIPT_OUTPUT_FILE_0}\"\n";
			showEnvVarsInLog = 0;
		};
/* End PBXShellScriptBuildPhase section */

/* Begin PBXSourcesBuildPhase section */
		0B6EF9581EF93173005B0769 /* Sources */ = {
			isa = PBXSourcesBuildPhase;
			buildActionMask = 2147483647;
			files = (
				0BC73E241FA1A11900A6358F /* BaseNavController.swift in Sources */,
				0BC73E281FA1A11900A6358F /* SearchDetailViewController.swift in Sources */,
				0BC73E221FA1A11900A6358F /* AppsViewController.swift in Sources */,
				0BC73E211FA1A11900A6358F /* GamesViewController.swift in Sources */,
				0BC73E291FA1A11900A6358F /* TabViewController.swift in Sources */,
				0BC73E231FA1A11900A6358F /* SearchViewController.swift in Sources */,
				0BC73E201FA1A11900A6358F /* AppDetailViewController.swift in Sources */,
				0BC73E271FA1A11900A6358F /* AppDelegate.swift in Sources */,
				0BC73E251FA1A11900A6358F /* ViewController.swift in Sources */,
				0BC73E261FA1A11900A6358F /* GamesHorizontalSectionController.swift in Sources */,
				0B08BB161FA1A706008BFFCF /* TodayViewController.swift in Sources */,
				0B4B6B461FAB42540024D699 /* TodayDetailViewController.swift in Sources */,
				0B08BB181FA1A719008BFFCF /* UpdateViewController.swift in Sources */,
			);
			runOnlyForDeploymentPostprocessing = 0;
		};
/* End PBXSourcesBuildPhase section */

/* Begin PBXVariantGroup section */
		0B6EF9681EF93173005B0769 /* LaunchScreen.storyboard */ = {
			isa = PBXVariantGroup;
			children = (
				0B6EF9691EF93173005B0769 /* Base */,
			);
			name = LaunchScreen.storyboard;
			sourceTree = "<group>";
		};
/* End PBXVariantGroup section */

/* Begin XCBuildConfiguration section */
		0B6EF96C1EF93173005B0769 /* Debug */ = {
			isa = XCBuildConfiguration;
			buildSettings = {
				ALWAYS_SEARCH_USER_PATHS = NO;
				CLANG_ANALYZER_NONNULL = YES;
				CLANG_ANALYZER_NUMBER_OBJECT_CONVERSION = YES_AGGRESSIVE;
				CLANG_CXX_LANGUAGE_STANDARD = "gnu++14";
				CLANG_CXX_LIBRARY = "libc++";
				CLANG_ENABLE_MODULES = YES;
				CLANG_ENABLE_OBJC_ARC = YES;
				CLANG_WARN_BLOCK_CAPTURE_AUTORELEASING = YES;
				CLANG_WARN_BOOL_CONVERSION = YES;
				CLANG_WARN_COMMA = YES;
				CLANG_WARN_CONSTANT_CONVERSION = YES;
				CLANG_WARN_DIRECT_OBJC_ISA_USAGE = YES_ERROR;
				CLANG_WARN_DOCUMENTATION_COMMENTS = YES;
				CLANG_WARN_EMPTY_BODY = YES;
				CLANG_WARN_ENUM_CONVERSION = YES;
				CLANG_WARN_INFINITE_RECURSION = YES;
				CLANG_WARN_INT_CONVERSION = YES;
				CLANG_WARN_OBJC_ROOT_CLASS = YES_ERROR;
				CLANG_WARN_RANGE_LOOP_ANALYSIS = YES;
				CLANG_WARN_STRICT_PROTOTYPES = YES;
				CLANG_WARN_SUSPICIOUS_MOVE = YES;
				CLANG_WARN_UNGUARDED_AVAILABILITY = YES_AGGRESSIVE;
				CLANG_WARN_UNREACHABLE_CODE = YES;
				CLANG_WARN__DUPLICATE_METHOD_MATCH = YES;
				CODE_SIGN_IDENTITY = "iPhone Developer";
				COPY_PHASE_STRIP = NO;
				DEBUG_INFORMATION_FORMAT = dwarf;
				ENABLE_STRICT_OBJC_MSGSEND = YES;
				ENABLE_TESTABILITY = YES;
				GCC_C_LANGUAGE_STANDARD = gnu11;
				GCC_DYNAMIC_NO_PIC = NO;
				GCC_NO_COMMON_BLOCKS = YES;
				GCC_OPTIMIZATION_LEVEL = 0;
				GCC_PREPROCESSOR_DEFINITIONS = (
					"DEBUG=1",
					"$(inherited)",
				);
				GCC_WARN_64_TO_32_BIT_CONVERSION = YES;
				GCC_WARN_ABOUT_RETURN_TYPE = YES_ERROR;
				GCC_WARN_UNDECLARED_SELECTOR = YES;
				GCC_WARN_UNINITIALIZED_AUTOS = YES_AGGRESSIVE;
				GCC_WARN_UNUSED_FUNCTION = YES;
				GCC_WARN_UNUSED_VARIABLE = YES;
				IPHONEOS_DEPLOYMENT_TARGET = 11.0;
				MTL_ENABLE_DEBUG_INFO = YES;
				ONLY_ACTIVE_ARCH = YES;
				SDKROOT = iphoneos;
				SWIFT_ACTIVE_COMPILATION_CONDITIONS = DEBUG;
				SWIFT_OPTIMIZATION_LEVEL = "-Onone";
			};
			name = Debug;
		};
		0B6EF96D1EF93173005B0769 /* Release */ = {
			isa = XCBuildConfiguration;
			buildSettings = {
				ALWAYS_SEARCH_USER_PATHS = NO;
				CLANG_ANALYZER_NONNULL = YES;
				CLANG_ANALYZER_NUMBER_OBJECT_CONVERSION = YES_AGGRESSIVE;
				CLANG_CXX_LANGUAGE_STANDARD = "gnu++14";
				CLANG_CXX_LIBRARY = "libc++";
				CLANG_ENABLE_MODULES = YES;
				CLANG_ENABLE_OBJC_ARC = YES;
				CLANG_WARN_BLOCK_CAPTURE_AUTORELEASING = YES;
				CLANG_WARN_BOOL_CONVERSION = YES;
				CLANG_WARN_COMMA = YES;
				CLANG_WARN_CONSTANT_CONVERSION = YES;
				CLANG_WARN_DIRECT_OBJC_ISA_USAGE = YES_ERROR;
				CLANG_WARN_DOCUMENTATION_COMMENTS = YES;
				CLANG_WARN_EMPTY_BODY = YES;
				CLANG_WARN_ENUM_CONVERSION = YES;
				CLANG_WARN_INFINITE_RECURSION = YES;
				CLANG_WARN_INT_CONVERSION = YES;
				CLANG_WARN_OBJC_ROOT_CLASS = YES_ERROR;
				CLANG_WARN_RANGE_LOOP_ANALYSIS = YES;
				CLANG_WARN_STRICT_PROTOTYPES = YES;
				CLANG_WARN_SUSPICIOUS_MOVE = YES;
				CLANG_WARN_UNGUARDED_AVAILABILITY = YES_AGGRESSIVE;
				CLANG_WARN_UNREACHABLE_CODE = YES;
				CLANG_WARN__DUPLICATE_METHOD_MATCH = YES;
				CODE_SIGN_IDENTITY = "iPhone Developer";
				COPY_PHASE_STRIP = NO;
				DEBUG_INFORMATION_FORMAT = "dwarf-with-dsym";
				ENABLE_NS_ASSERTIONS = NO;
				ENABLE_STRICT_OBJC_MSGSEND = YES;
				GCC_C_LANGUAGE_STANDARD = gnu11;
				GCC_NO_COMMON_BLOCKS = YES;
				GCC_WARN_64_TO_32_BIT_CONVERSION = YES;
				GCC_WARN_ABOUT_RETURN_TYPE = YES_ERROR;
				GCC_WARN_UNDECLARED_SELECTOR = YES;
				GCC_WARN_UNINITIALIZED_AUTOS = YES_AGGRESSIVE;
				GCC_WARN_UNUSED_FUNCTION = YES;
				GCC_WARN_UNUSED_VARIABLE = YES;
				IPHONEOS_DEPLOYMENT_TARGET = 11.0;
				MTL_ENABLE_DEBUG_INFO = NO;
				SDKROOT = iphoneos;
				SWIFT_OPTIMIZATION_LEVEL = "-Owholemodule";
				VALIDATE_PRODUCT = YES;
			};
			name = Release;
		};
		0B6EF96F1EF93173005B0769 /* Debug */ = {
			isa = XCBuildConfiguration;
			baseConfigurationReference = D1A9C64B16E6B26480031C7F /* Pods-IOS11AppStoreClone.debug.xcconfig */;
			buildSettings = {
				ASSETCATALOG_COMPILER_APPICON_NAME = AppIcon;
				CLANG_ENABLE_MODULES = YES;
				DEVELOPMENT_TEAM = AQY5592JZC;
				INFOPLIST_FILE = IOS11AppStoreClone/Info.plist;
				LD_RUNPATH_SEARCH_PATHS = "$(inherited) @executable_path/Frameworks";
				PRODUCT_BUNDLE_IDENTIFIER = com.equinix.ecpswift.PlayStoreClone;
				PRODUCT_NAME = "$(TARGET_NAME)";
				SWIFT_OBJC_BRIDGING_HEADER = "IOS11AppStoreClone/IOS11AppStoreClone-Bridging-Header.h";
				SWIFT_OPTIMIZATION_LEVEL = "-Onone";
				SWIFT_VERSION = 4.0;
				TARGETED_DEVICE_FAMILY = "1,2";
			};
			name = Debug;
		};
		0B6EF9701EF93173005B0769 /* Release */ = {
			isa = XCBuildConfiguration;
			baseConfigurationReference = 94BADB81A6C1BD69DE769233 /* Pods-IOS11AppStoreClone.release.xcconfig */;
			buildSettings = {
				ASSETCATALOG_COMPILER_APPICON_NAME = AppIcon;
				CLANG_ENABLE_MODULES = YES;
				DEVELOPMENT_TEAM = AQY5592JZC;
				INFOPLIST_FILE = IOS11AppStoreClone/Info.plist;
				LD_RUNPATH_SEARCH_PATHS = "$(inherited) @executable_path/Frameworks";
				PRODUCT_BUNDLE_IDENTIFIER = com.equinix.ecpswift.PlayStoreClone;
				PRODUCT_NAME = "$(TARGET_NAME)";
				SWIFT_OBJC_BRIDGING_HEADER = "IOS11AppStoreClone/IOS11AppStoreClone-Bridging-Header.h";
				SWIFT_VERSION = 4.0;
				TARGETED_DEVICE_FAMILY = "1,2";
			};
			name = Release;
		};
/* End XCBuildConfiguration section */

/* Begin XCConfigurationList section */
		0B6EF9571EF93173005B0769 /* Build configuration list for PBXProject "IOS11AppStoreClone" */ = {
			isa = XCConfigurationList;
			buildConfigurations = (
				0B6EF96C1EF93173005B0769 /* Debug */,
				0B6EF96D1EF93173005B0769 /* Release */,
			);
			defaultConfigurationIsVisible = 0;
			defaultConfigurationName = Release;
		};
		0B6EF96E1EF93173005B0769 /* Build configuration list for PBXNativeTarget "IOS11AppStoreClone" */ = {
			isa = XCConfigurationList;
			buildConfigurations = (
				0B6EF96F1EF93173005B0769 /* Debug */,
				0B6EF9701EF93173005B0769 /* Release */,
			);
			defaultConfigurationIsVisible = 0;
			defaultConfigurationName = Release;
		};
/* End XCConfigurationList section */
	};
	rootObject = 0B6EF9541EF93173005B0769 /* Project object */;
}
