PODS:
  - Alamofire (4.4.0)
  - IGListKit (3.0.0):
    - IGListKit/Default (= 3.0.0)
  - IGListKit/Default (3.0.0):
    - IGListKit/Diffing
  - IGListKit/Diffing (3.0.0)
  - Kingfisher (3.10.1)
  - SnapKit (3.2.0)

DEPENDENCIES:
  - Alamofire (~> 4.4)
  - IGListKit (~> 3.0)
  - Kingfisher (~> 3.0)
  - SnapKit (~> 3.2.0)

SPEC CHECKSUMS:
  Alamofire: dc44b1600b800eb63da6a19039a0083d62a6a62d
  IGListKit: 9eab6856a15fa25ad72018ff9d9eb2178c240fff
  Kingfisher: 33a1b82140fcb14a9fc13f78dfde2a03ff8de8cb
  SnapKit: 1ca44df72cfa543218d177cb8aab029d10d86ea7

PODFILE CHECKSUM: 59a2b64c6f21c637576c343cc24d94722b488814

COCOAPODS: 1.0.1
